{
  "originHash" : "c4edd845c723bf9ca3d99a456777892382dd1887171d265cab6f0cc55aa3bc0c",
  "pins" : [
    {
      "identity" : "opentelemetry-swift-packages",
      "kind" : "remoteSourceControl",
      "location" : "https://github.com/DataDog/opentelemetry-swift-packages.git",
      "state" : {
        "revision" : "659e9007fffe6361578336427102d8310b0bc9f3",
        "version" : "1.13.0"
      }
    },
    {
      "identity" : "plcrashreporter",
      "kind" : "remoteSourceControl",
      "location" : "https://github.com/microsoft/plcrashreporter.git",
      "state" : {
        "revision" : "8c61e5e38e9f737dd68512ed1ea5ab081244ad65",
        "version" : "1.12.0"
      }
    }
  ],
  "version" : 3
}
